
Microsoft Visual Studio Solution File, Format Version 12.00
# Visual Studio Version 17
VisualStudioVersion = 17.13.35931.197
MinimumVisualStudioVersion = 10.0.40219.1
Project("{FAE04EC0-301F-11D3-BF4B-00C04F79EFBC}") = "FIAP-Cloud-Games", "FIAP-Cloud-Games.csproj", "{00A4BD72-3D0A-4C77-BAE0-3D4F0DC59AF7}"
EndProject
Project("{FAE04EC0-301F-11D3-BF4B-00C04F79EFBC}") = "Infrastructure", "..\Infrastructure\Infrastructure.csproj", "{E3A0B8A9-FC85-4E70-979E-A5CB9CE8303D}"
EndProject
Project("{FAE04EC0-301F-11D3-BF4B-00C04F79EFBC}") = "Domain", "..\Domain\Domain.csproj", "{254EB622-F2D8-4AB1-B5D6-06B05B03887C}"
EndProject
Global
	GlobalSection(SolutionConfigurationPlatforms) = preSolution
		Debug|Any CPU = Debug|Any CPU
		Release|Any CPU = Release|Any CPU
	EndGlobalSection
	GlobalSection(ProjectConfigurationPlatforms) = postSolution
		{00A4BD72-3D0A-4C77-BAE0-3D4F0DC59AF7}.Debug|Any CPU.ActiveCfg = Debug|Any CPU
		{00A4BD72-3D0A-4C77-BAE0-3D4F0DC59AF7}.Debug|Any CPU.Build.0 = Debug|Any CPU
		{00A4BD72-3D0A-4C77-BAE0-3D4F0DC59AF7}.Release|Any CPU.ActiveCfg = Release|Any CPU
		{00A4BD72-3D0A-4C77-BAE0-3D4F0DC59AF7}.Release|Any CPU.Build.0 = Release|Any CPU
		{E3A0B8A9-FC85-4E70-979E-A5CB9CE8303D}.Debug|Any CPU.ActiveCfg = Debug|Any CPU
		{E3A0B8A9-FC85-4E70-979E-A5CB9CE8303D}.Debug|Any CPU.Build.0 = Debug|Any CPU
		{E3A0B8A9-FC85-4E70-979E-A5CB9CE8303D}.Release|Any CPU.ActiveCfg = Release|Any CPU
		{E3A0B8A9-FC85-4E70-979E-A5CB9CE8303D}.Release|Any CPU.Build.0 = Release|Any CPU
		{254EB622-F2D8-4AB1-B5D6-06B05B03887C}.Debug|Any CPU.ActiveCfg = Debug|Any CPU
		{254EB622-F2D8-4AB1-B5D6-06B05B03887C}.Debug|Any CPU.Build.0 = Debug|Any CPU
		{254EB622-F2D8-4AB1-B5D6-06B05B03887C}.Release|Any CPU.ActiveCfg = Release|Any CPU
		{254EB622-F2D8-4AB1-B5D6-06B05B03887C}.Release|Any CPU.Build.0 = Release|Any CPU
	EndGlobalSection
	GlobalSection(SolutionProperties) = preSolution
		HideSolutionNode = FALSE
	EndGlobalSection
	GlobalSection(ExtensibilityGlobals) = postSolution
		SolutionGuid = {A6189A30-8805-40DD-BCDE-F7FDB0562DDB}
	EndGlobalSection
EndGlobal
